
Microsoft Visual Studio Solution File, Format Version 12.00
# Visual Studio Version 17
VisualStudioVersion = 17.1.32328.378
MinimumVisualStudioVersion = 10.0.40219.1
Project("{FAE04EC0-301F-11D3-BF4B-00C04F79EFBC}") = "AlgorithmsProblem", "AlgorithmsProblem.csproj", "{6BF6D7A8-FFD9-4A65-A177-A5E1EB6534DF}"
EndProject
Project("{2150E333-8FDC-42A3-9474-1A3956D46DE8}") = "Utility", "Utility", "{ED02A1B4-74C6-431E-90E6-D5B4A7317F6F}"
	ProjectSection(SolutionItems) = preProject
		List.txt = List.txt
	EndProjectSection
EndProject
Global
	GlobalSection(SolutionConfigurationPlatforms) = preSolution
		Debug|Any CPU = Debug|Any CPU
		Release|Any CPU = Release|Any CPU
	EndGlobalSection
	GlobalSection(ProjectConfigurationPlatforms) = postSolution
		{6BF6D7A8-FFD9-4A65-A177-A5E1EB6534DF}.Debug|Any CPU.ActiveCfg = Debug|Any CPU
		{6BF6D7A8-FFD9-4A65-A177-A5E1EB6534DF}.Debug|Any CPU.Build.0 = Debug|Any CPU
		{6BF6D7A8-FFD9-4A65-A177-A5E1EB6534DF}.Release|Any CPU.ActiveCfg = Release|Any CPU
		{6BF6D7A8-FFD9-4A65-A177-A5E1EB6534DF}.Release|Any CPU.Build.0 = Release|Any CPU
	EndGlobalSection
	GlobalSection(SolutionProperties) = preSolution
		HideSolutionNode = FALSE
	EndGlobalSection
	GlobalSection(ExtensibilityGlobals) = postSolution
		SolutionGuid = {0FD10727-2053-40BD-A959-25529F9D2D23}
	EndGlobalSection
EndGlobal
